{
  "name": "serverless",
  "version": "1.7.0",
  "dependencies": {
    "agent-base": {
      "version": "2.0.1",
      "from": "agent-base@>=2.0.0 <3.0.0",
      "resolved": "https://registry.npmjs.org/agent-base/-/agent-base-2.0.1.tgz",
      "dependencies": {
        "semver": {
          "version": "5.0.3",
          "from": "semver@>=5.0.1 <5.1.0",
          "resolved": "https://registry.npmjs.org/semver/-/semver-5.0.3.tgz"
        }
      }
    },
    "ansi-regex": {
      "version": "2.0.0",
      "from": "ansi-regex@>=2.0.0 <3.0.0",
      "resolved": "https://registry.npmjs.org/ansi-regex/-/ansi-regex-2.0.0.tgz"
    },
    "ansi-styles": {
      "version": "2.2.1",
      "from": "ansi-styles@>=2.2.1 <3.0.0",
      "resolved": "https://registry.npmjs.org/ansi-styles/-/ansi-styles-2.2.1.tgz"
    },
    "archiver": {
      "version": "1.2.0",
      "from": "archiver@>=1.1.0 <2.0.0",
      "resolved": "https://registry.npmjs.org/archiver/-/archiver-1.2.0.tgz",
      "dependencies": {
        "async": {
          "version": "2.1.4",
          "from": "async@>=2.0.0 <3.0.0",
          "resolved": "https://registry.npmjs.org/async/-/async-2.1.4.tgz"
        }
      }
    },
    "archiver-utils": {
      "version": "1.3.0",
      "from": "archiver-utils@>=1.3.0 <2.0.0",
      "resolved": "https://registry.npmjs.org/archiver-utils/-/archiver-utils-1.3.0.tgz"
    },
    "argparse": {
      "version": "1.0.9",
      "from": "argparse@>=1.0.7 <2.0.0",
      "resolved": "https://registry.npmjs.org/argparse/-/argparse-1.0.9.tgz"
    },
    "async": {
      "version": "1.5.2",
      "from": "async@>=1.5.2 <2.0.0",
      "resolved": "https://registry.npmjs.org/async/-/async-1.5.2.tgz"
    },
    "aws-sdk": {
      "version": "2.7.13",
      "from": "aws-sdk@>=2.3.17 <3.0.0",
      "resolved": "https://registry.npmjs.org/aws-sdk/-/aws-sdk-2.7.13.tgz",
      "dependencies": {
        "uuid": {
          "version": "3.0.0",
          "from": "uuid@3.0.0",
          "resolved": "https://registry.npmjs.org/uuid/-/uuid-3.0.0.tgz"
        }
      }
    },
    "balanced-match": {
      "version": "0.4.2",
      "from": "balanced-match@>=0.4.1 <0.5.0",
      "resolved": "https://registry.npmjs.org/balanced-match/-/balanced-match-0.4.2.tgz"
    },
    "base64-js": {
      "version": "1.2.0",
      "from": "base64-js@>=1.0.2 <2.0.0",
      "resolved": "https://registry.npmjs.org/base64-js/-/base64-js-1.2.0.tgz"
    },
    "bl": {
      "version": "1.1.2",
      "from": "bl@>=1.0.0 <2.0.0",
      "resolved": "https://registry.npmjs.org/bl/-/bl-1.1.2.tgz",
      "dependencies": {
        "readable-stream": {
          "version": "2.0.6",
          "from": "readable-stream@>=2.0.5 <2.1.0",
          "resolved": "https://registry.npmjs.org/readable-stream/-/readable-stream-2.0.6.tgz"
        }
      }
    },
    "bluebird": {
      "version": "3.4.6",
      "from": "bluebird@>=3.4.0 <4.0.0",
      "resolved": "https://registry.npmjs.org/bluebird/-/bluebird-3.4.6.tgz"
    },
    "brace-expansion": {
      "version": "1.1.6",
      "from": "brace-expansion@>=1.0.0 <2.0.0",
      "resolved": "https://registry.npmjs.org/brace-expansion/-/brace-expansion-1.1.6.tgz"
    },
    "buffer": {
      "version": "4.9.1",
      "from": "buffer@4.9.1",
      "resolved": "https://registry.npmjs.org/buffer/-/buffer-4.9.1.tgz"
    },
    "buffer-crc32": {
      "version": "0.2.13",
      "from": "buffer-crc32@>=0.2.1 <0.3.0",
      "resolved": "https://registry.npmjs.org/buffer-crc32/-/buffer-crc32-0.2.13.tgz"
    },
    "buffer-shims": {
      "version": "1.0.0",
      "from": "buffer-shims@>=1.0.0 <2.0.0",
      "resolved": "https://registry.npmjs.org/buffer-shims/-/buffer-shims-1.0.0.tgz"
    },
    "capture-stack-trace": {
      "version": "1.0.0",
      "from": "capture-stack-trace@>=1.0.0 <2.0.0",
      "resolved": "https://registry.npmjs.org/capture-stack-trace/-/capture-stack-trace-1.0.0.tgz"
    },
    "caw": {
      "version": "2.0.0",
      "from": "caw@>=2.0.0 <3.0.0",
      "resolved": "https://registry.npmjs.org/caw/-/caw-2.0.0.tgz"
    },
    "chalk": {
      "version": "1.1.3",
      "from": "chalk@>=1.1.1 <2.0.0",
      "resolved": "https://registry.npmjs.org/chalk/-/chalk-1.1.3.tgz"
    },
    "combined-stream": {
      "version": "1.0.5",
      "from": "combined-stream@>=1.0.5 <2.0.0",
      "resolved": "https://registry.npmjs.org/combined-stream/-/combined-stream-1.0.5.tgz"
    },
    "commander": {
      "version": "2.8.1",
      "from": "commander@>=2.8.1 <2.9.0",
      "resolved": "https://registry.npmjs.org/commander/-/commander-2.8.1.tgz"
    },
    "component-emitter": {
      "version": "1.2.1",
      "from": "component-emitter@>=1.2.0 <1.3.0",
      "resolved": "https://registry.npmjs.org/component-emitter/-/component-emitter-1.2.1.tgz"
    },
    "compress-commons": {
      "version": "1.1.0",
      "from": "compress-commons@>=1.1.0 <2.0.0",
      "resolved": "https://registry.npmjs.org/compress-commons/-/compress-commons-1.1.0.tgz"
    },
    "concat-map": {
      "version": "0.0.1",
      "from": "concat-map@0.0.1",
      "resolved": "https://registry.npmjs.org/concat-map/-/concat-map-0.0.1.tgz"
    },
    "cookiejar": {
      "version": "2.0.6",
      "from": "cookiejar@2.0.6",
      "resolved": "https://registry.npmjs.org/cookiejar/-/cookiejar-2.0.6.tgz"
    },
    "core-util-is": {
      "version": "1.0.2",
      "from": "core-util-is@>=1.0.0 <1.1.0",
      "resolved": "https://registry.npmjs.org/core-util-is/-/core-util-is-1.0.2.tgz"
    },
    "crc32-stream": {
      "version": "1.0.0",
      "from": "crc32-stream@>=1.0.0 <2.0.0",
      "resolved": "https://registry.npmjs.org/crc32-stream/-/crc32-stream-1.0.0.tgz"
    },
    "create-error-class": {
      "version": "3.0.2",
      "from": "create-error-class@>=3.0.0 <4.0.0",
      "resolved": "https://registry.npmjs.org/create-error-class/-/create-error-class-3.0.2.tgz"
    },
    "crypto-browserify": {
      "version": "1.0.9",
      "from": "crypto-browserify@1.0.9",
      "resolved": "https://registry.npmjs.org/crypto-browserify/-/crypto-browserify-1.0.9.tgz"
    },
    "debug": {
      "version": "2.3.3",
      "from": "debug@>=2.0.0 <3.0.0",
      "resolved": "https://registry.npmjs.org/debug/-/debug-2.3.3.tgz"
    },
    "decompress": {
      "version": "4.0.0",
      "from": "decompress@>=4.0.0 <5.0.0",
      "resolved": "https://registry.npmjs.org/decompress/-/decompress-4.0.0.tgz"
    },
    "decompress-tar": {
      "version": "4.1.0",
      "from": "decompress-tar@>=4.0.0 <5.0.0",
      "resolved": "https://registry.npmjs.org/decompress-tar/-/decompress-tar-4.1.0.tgz"
    },
    "decompress-tarbz2": {
      "version": "4.1.0",
      "from": "decompress-tarbz2@>=4.0.0 <5.0.0",
      "resolved": "https://registry.npmjs.org/decompress-tarbz2/-/decompress-tarbz2-4.1.0.tgz"
    },
    "decompress-targz": {
      "version": "4.0.0",
      "from": "decompress-targz@>=4.0.0 <5.0.0",
      "resolved": "https://registry.npmjs.org/decompress-targz/-/decompress-targz-4.0.0.tgz"
    },
    "decompress-unzip": {
      "version": "4.0.1",
      "from": "decompress-unzip@>=4.0.1 <5.0.0",
      "resolved": "https://registry.npmjs.org/decompress-unzip/-/decompress-unzip-4.0.1.tgz"
    },
    "deep-extend": {
      "version": "0.4.1",
      "from": "deep-extend@>=0.4.0 <0.5.0",
      "resolved": "https://registry.npmjs.org/deep-extend/-/deep-extend-0.4.1.tgz"
    },
    "delayed-stream": {
      "version": "1.0.0",
      "from": "delayed-stream@>=1.0.0 <1.1.0",
      "resolved": "https://registry.npmjs.org/delayed-stream/-/delayed-stream-1.0.0.tgz"
    },
    "download": {
      "version": "5.0.2",
      "from": "download@>=5.0.2 <6.0.0",
      "resolved": "https://registry.npmjs.org/download/-/download-5.0.2.tgz"
    },
    "duplexer3": {
      "version": "0.1.4",
      "from": "duplexer3@>=0.1.4 <0.2.0",
      "resolved": "https://registry.npmjs.org/duplexer3/-/duplexer3-0.1.4.tgz"
    },
    "encoding": {
      "version": "0.1.12",
      "from": "encoding@>=0.1.11 <0.2.0",
      "resolved": "https://registry.npmjs.org/encoding/-/encoding-0.1.12.tgz"
    },
    "end-of-stream": {
      "version": "1.1.0",
      "from": "end-of-stream@>=1.0.0 <2.0.0",
      "resolved": "https://registry.npmjs.org/end-of-stream/-/end-of-stream-1.1.0.tgz",
      "dependencies": {
        "once": {
          "version": "1.3.3",
          "from": "once@>=1.3.0 <1.4.0",
          "resolved": "https://registry.npmjs.org/once/-/once-1.3.3.tgz"
        }
      }
    },
    "escape-string-regexp": {
      "version": "1.0.5",
      "from": "escape-string-regexp@>=1.0.2 <2.0.0",
      "resolved": "https://registry.npmjs.org/escape-string-regexp/-/escape-string-regexp-1.0.5.tgz"
    },
    "esprima": {
      "version": "2.7.3",
      "from": "esprima@>=2.6.0 <3.0.0",
      "resolved": "https://registry.npmjs.org/esprima/-/esprima-2.7.3.tgz"
    },
    "extend": {
      "version": "3.0.0",
      "from": "extend@>=3.0.0 <4.0.0",
      "resolved": "https://registry.npmjs.org/extend/-/extend-3.0.0.tgz"
    },
    "fd-slicer": {
      "version": "1.0.1",
      "from": "fd-slicer@>=1.0.1 <1.1.0",
      "resolved": "https://registry.npmjs.org/fd-slicer/-/fd-slicer-1.0.1.tgz"
    },
    "file-type": {
      "version": "3.9.0",
      "from": "file-type@>=3.8.0 <4.0.0",
      "resolved": "https://registry.npmjs.org/file-type/-/file-type-3.9.0.tgz"
    },
    "filename-reserved-regex": {
      "version": "1.0.0",
      "from": "filename-reserved-regex@>=1.0.0 <2.0.0",
      "resolved": "https://registry.npmjs.org/filename-reserved-regex/-/filename-reserved-regex-1.0.0.tgz"
    },
    "filenamify": {
      "version": "1.2.1",
      "from": "filenamify@>=1.2.1 <2.0.0",
      "resolved": "https://registry.npmjs.org/filenamify/-/filenamify-1.2.1.tgz"
    },
    "filesize": {
      "version": "3.3.0",
      "from": "filesize@>=3.3.0 <4.0.0",
      "resolved": "https://registry.npmjs.org/filesize/-/filesize-3.3.0.tgz"
    },
    "form-data": {
      "version": "1.0.0-rc3",
      "from": "form-data@1.0.0-rc3",
      "resolved": "https://registry.npmjs.org/form-data/-/form-data-1.0.0-rc3.tgz"
    },
    "formidable": {
      "version": "1.0.17",
      "from": "formidable@>=1.0.14 <1.1.0",
      "resolved": "https://registry.npmjs.org/formidable/-/formidable-1.0.17.tgz"
    },
    "fs-extra": {
      "version": "0.26.7",
      "from": "fs-extra@>=0.26.7 <0.27.0",
      "resolved": "https://registry.npmjs.org/fs-extra/-/fs-extra-0.26.7.tgz"
    },
    "fs.realpath": {
      "version": "1.0.0",
      "from": "fs.realpath@>=1.0.0 <2.0.0",
      "resolved": "https://registry.npmjs.org/fs.realpath/-/fs.realpath-1.0.0.tgz"
    },
    "get-proxy": {
      "version": "1.1.0",
      "from": "get-proxy@>=1.0.1 <2.0.0",
      "resolved": "https://registry.npmjs.org/get-proxy/-/get-proxy-1.1.0.tgz"
    },
    "get-stdin": {
      "version": "5.0.1",
      "from": "get-stdin@>=5.0.1 <6.0.0",
      "resolved": "https://registry.npmjs.org/get-stdin/-/get-stdin-5.0.1.tgz"
    },
    "get-stream": {
      "version": "2.3.1",
      "from": "get-stream@>=2.2.0 <3.0.0",
      "resolved": "https://registry.npmjs.org/get-stream/-/get-stream-2.3.1.tgz"
    },
    "glob": {
      "version": "7.1.1",
      "from": "glob@>=7.0.0 <8.0.0",
      "resolved": "https://registry.npmjs.org/glob/-/glob-7.1.1.tgz"
    },
    "glob-all": {
      "version": "3.1.0",
      "from": "glob-all@>=3.1.0 <4.0.0",
      "resolved": "https://registry.npmjs.org/glob-all/-/glob-all-3.1.0.tgz"
    },
    "got": {
      "version": "6.6.3",
      "from": "got@>=6.3.0 <7.0.0",
      "resolved": "https://registry.npmjs.org/got/-/got-6.6.3.tgz"
    },
    "graceful-fs": {
      "version": "4.1.11",
      "from": "graceful-fs@>=4.1.0 <5.0.0",
      "resolved": "https://registry.npmjs.org/graceful-fs/-/graceful-fs-4.1.11.tgz"
    },
    "graceful-readlink": {
      "version": "1.0.1",
      "from": "graceful-readlink@>=1.0.0",
      "resolved": "https://registry.npmjs.org/graceful-readlink/-/graceful-readlink-1.0.1.tgz"
    },
    "has-ansi": {
      "version": "2.0.0",
      "from": "has-ansi@>=2.0.0 <3.0.0",
      "resolved": "https://registry.npmjs.org/has-ansi/-/has-ansi-2.0.0.tgz"
    },
    "https-proxy-agent": {
      "version": "1.0.0",
      "from": "https-proxy-agent@>=1.0.0 <2.0.0",
      "resolved": "https://registry.npmjs.org/https-proxy-agent/-/https-proxy-agent-1.0.0.tgz"
    },
    "iconv-lite": {
      "version": "0.4.15",
      "from": "iconv-lite@>=0.4.13 <0.5.0",
      "resolved": "https://registry.npmjs.org/iconv-lite/-/iconv-lite-0.4.15.tgz"
    },
    "ieee754": {
      "version": "1.1.8",
      "from": "ieee754@>=1.1.4 <2.0.0",
      "resolved": "https://registry.npmjs.org/ieee754/-/ieee754-1.1.8.tgz"
    },
    "inflight": {
      "version": "1.0.6",
      "from": "inflight@>=1.0.4 <2.0.0",
      "resolved": "https://registry.npmjs.org/inflight/-/inflight-1.0.6.tgz"
    },
    "inherits": {
      "version": "2.0.3",
      "from": "inherits@>=2.0.0 <3.0.0",
      "resolved": "https://registry.npmjs.org/inherits/-/inherits-2.0.3.tgz"
    },
    "ini": {
      "version": "1.3.4",
      "from": "ini@>=1.3.0 <1.4.0",
      "resolved": "https://registry.npmjs.org/ini/-/ini-1.3.4.tgz"
    },
    "is-absolute": {
      "version": "0.1.7",
      "from": "is-absolute@>=0.1.5 <0.2.0",
      "resolved": "https://registry.npmjs.org/is-absolute/-/is-absolute-0.1.7.tgz"
    },
    "is-natural-number": {
      "version": "2.1.1",
      "from": "is-natural-number@>=2.0.0 <3.0.0",
      "resolved": "https://registry.npmjs.org/is-natural-number/-/is-natural-number-2.1.1.tgz"
    },
    "is-redirect": {
      "version": "1.0.0",
      "from": "is-redirect@>=1.0.0 <2.0.0",
      "resolved": "https://registry.npmjs.org/is-redirect/-/is-redirect-1.0.0.tgz"
    },
    "is-relative": {
      "version": "0.1.3",
      "from": "is-relative@>=0.1.0 <0.2.0",
      "resolved": "https://registry.npmjs.org/is-relative/-/is-relative-0.1.3.tgz"
    },
    "is-retry-allowed": {
      "version": "1.1.0",
      "from": "is-retry-allowed@>=1.0.0 <2.0.0",
      "resolved": "https://registry.npmjs.org/is-retry-allowed/-/is-retry-allowed-1.1.0.tgz"
    },
    "is-stream": {
      "version": "1.1.0",
      "from": "is-stream@>=1.1.0 <2.0.0",
      "resolved": "https://registry.npmjs.org/is-stream/-/is-stream-1.1.0.tgz"
    },
    "isarray": {
      "version": "1.0.0",
      "from": "isarray@>=1.0.0 <1.1.0",
      "resolved": "https://registry.npmjs.org/isarray/-/isarray-1.0.0.tgz"
    },
    "jmespath": {
      "version": "0.15.0",
      "from": "jmespath@0.15.0",
      "resolved": "https://registry.npmjs.org/jmespath/-/jmespath-0.15.0.tgz"
    },
    "js-yaml": {
      "version": "3.7.0",
      "from": "js-yaml@>=3.6.1 <4.0.0",
      "resolved": "https://registry.npmjs.org/js-yaml/-/js-yaml-3.7.0.tgz"
    },
    "json-refs": {
      "version": "2.1.6",
      "from": "json-refs@>=2.1.5 <3.0.0",
      "resolved": "https://registry.npmjs.org/json-refs/-/json-refs-2.1.6.tgz",
      "dependencies": {
        "commander": {
          "version": "2.9.0",
          "from": "commander@>=2.9.0 <3.0.0",
          "resolved": "https://registry.npmjs.org/commander/-/commander-2.9.0.tgz"
        }
      }
    },
    "jsonfile": {
      "version": "2.4.0",
      "from": "jsonfile@>=2.1.0 <3.0.0",
      "resolved": "https://registry.npmjs.org/jsonfile/-/jsonfile-2.4.0.tgz"
    },
    "klaw": {
      "version": "1.3.1",
      "from": "klaw@>=1.0.0 <2.0.0",
      "resolved": "https://registry.npmjs.org/klaw/-/klaw-1.3.1.tgz"
    },
    "lazystream": {
      "version": "1.0.0",
      "from": "lazystream@>=1.0.0 <2.0.0",
      "resolved": "https://registry.npmjs.org/lazystream/-/lazystream-1.0.0.tgz"
    },
    "lodash": {
      "version": "4.17.2",
      "from": "lodash@>=4.13.1 <5.0.0",
      "resolved": "https://registry.npmjs.org/lodash/-/lodash-4.17.2.tgz"
    },
    "lowercase-keys": {
      "version": "1.0.0",
      "from": "lowercase-keys@>=1.0.0 <2.0.0",
      "resolved": "https://registry.npmjs.org/lowercase-keys/-/lowercase-keys-1.0.0.tgz"
    },
    "methods": {
      "version": "1.1.2",
      "from": "methods@>=1.1.1 <1.2.0",
      "resolved": "https://registry.npmjs.org/methods/-/methods-1.1.2.tgz"
    },
    "mime": {
      "version": "1.3.4",
      "from": "mime@1.3.4",
      "resolved": "https://registry.npmjs.org/mime/-/mime-1.3.4.tgz"
    },
    "mime-db": {
      "version": "1.25.0",
      "from": "mime-db@>=1.25.0 <1.26.0",
      "resolved": "https://registry.npmjs.org/mime-db/-/mime-db-1.25.0.tgz"
    },
    "mime-types": {
      "version": "2.1.13",
      "from": "mime-types@>=2.1.3 <3.0.0",
      "resolved": "https://registry.npmjs.org/mime-types/-/mime-types-2.1.13.tgz"
    },
    "minimatch": {
      "version": "3.0.3",
      "from": "minimatch@>=3.0.2 <4.0.0",
      "resolved": "https://registry.npmjs.org/minimatch/-/minimatch-3.0.3.tgz"
    },
    "minimist": {
      "version": "1.2.0",
      "from": "minimist@>=1.2.0 <2.0.0",
      "resolved": "https://registry.npmjs.org/minimist/-/minimist-1.2.0.tgz"
    },
    "mkdirp": {
      "version": "0.5.1",
      "from": "mkdirp@>=0.5.1 <0.6.0",
      "resolved": "https://registry.npmjs.org/mkdirp/-/mkdirp-0.5.1.tgz",
      "dependencies": {
        "minimist": {
          "version": "0.0.8",
          "from": "minimist@0.0.8",
          "resolved": "https://registry.npmjs.org/minimist/-/minimist-0.0.8.tgz"
        }
      }
    },
    "moment": {
      "version": "2.17.0",
      "from": "moment@>=2.13.0 <3.0.0",
      "resolved": "https://registry.npmjs.org/moment/-/moment-2.17.0.tgz"
    },
    "ms": {
      "version": "0.7.2",
      "from": "ms@0.7.2",
      "resolved": "https://registry.npmjs.org/ms/-/ms-0.7.2.tgz"
    },
    "native-promise-only": {
      "version": "0.8.1",
      "from": "native-promise-only@>=0.8.1 <0.9.0",
      "resolved": "https://registry.npmjs.org/native-promise-only/-/native-promise-only-0.8.1.tgz"
    },
    "node-fetch": {
      "version": "1.6.3",
      "from": "node-fetch@>=1.5.3 <2.0.0",
      "resolved": "https://registry.npmjs.org/node-fetch/-/node-fetch-1.6.3.tgz"
    },
    "node-status-codes": {
      "version": "2.0.1",
      "from": "node-status-codes@>=2.0.0 <3.0.0",
      "resolved": "https://registry.npmjs.org/node-status-codes/-/node-status-codes-2.0.1.tgz"
    },
    "normalize-path": {
      "version": "2.0.1",
      "from": "normalize-path@>=2.0.0 <3.0.0",
      "resolved": "https://registry.npmjs.org/normalize-path/-/normalize-path-2.0.1.tgz"
    },
    "object-assign": {
      "version": "4.1.0",
      "from": "object-assign@>=4.0.1 <5.0.0",
      "resolved": "https://registry.npmjs.org/object-assign/-/object-assign-4.1.0.tgz"
    },
    "once": {
      "version": "1.4.0",
      "from": "once@>=1.3.0 <2.0.0",
      "resolved": "https://registry.npmjs.org/once/-/once-1.4.0.tgz"
    },
    "path-is-absolute": {
      "version": "1.0.1",
      "from": "path-is-absolute@>=1.0.0 <2.0.0",
      "resolved": "https://registry.npmjs.org/path-is-absolute/-/path-is-absolute-1.0.1.tgz"
    },
    "path-loader": {
      "version": "1.0.1",
      "from": "path-loader@>=1.0.1 <2.0.0",
      "resolved": "https://registry.npmjs.org/path-loader/-/path-loader-1.0.1.tgz"
    },
    "pend": {
      "version": "1.2.0",
      "from": "pend@>=1.2.0 <1.3.0",
      "resolved": "https://registry.npmjs.org/pend/-/pend-1.2.0.tgz"
    },
    "pify": {
      "version": "2.3.0",
      "from": "pify@>=2.3.0 <3.0.0",
      "resolved": "https://registry.npmjs.org/pify/-/pify-2.3.0.tgz"
    },
    "pinkie": {
      "version": "2.0.4",
      "from": "pinkie@>=2.0.0 <3.0.0",
      "resolved": "https://registry.npmjs.org/pinkie/-/pinkie-2.0.4.tgz"
    },
    "pinkie-promise": {
      "version": "2.0.1",
      "from": "pinkie-promise@>=2.0.0 <3.0.0",
      "resolved": "https://registry.npmjs.org/pinkie-promise/-/pinkie-promise-2.0.1.tgz"
    },
    "prepend-http": {
      "version": "1.0.4",
      "from": "prepend-http@>=1.0.1 <2.0.0",
      "resolved": "https://registry.npmjs.org/prepend-http/-/prepend-http-1.0.4.tgz"
    },
    "process-nextick-args": {
      "version": "1.0.7",
      "from": "process-nextick-args@>=1.0.6 <1.1.0",
      "resolved": "https://registry.npmjs.org/process-nextick-args/-/process-nextick-args-1.0.7.tgz"
    },
    "punycode": {
      "version": "1.3.2",
      "from": "punycode@1.3.2",
      "resolved": "https://registry.npmjs.org/punycode/-/punycode-1.3.2.tgz"
    },
    "qs": {
      "version": "2.3.3",
      "from": "qs@2.3.3",
      "resolved": "https://registry.npmjs.org/qs/-/qs-2.3.3.tgz"
    },
    "querystring": {
      "version": "0.2.0",
      "from": "querystring@0.2.0",
      "resolved": "https://registry.npmjs.org/querystring/-/querystring-0.2.0.tgz"
    },
    "rc": {
      "version": "1.1.6",
      "from": "rc@>=1.1.2 <2.0.0",
      "resolved": "https://registry.npmjs.org/rc/-/rc-1.1.6.tgz"
    },
    "readable-stream": {
      "version": "2.2.2",
      "from": "readable-stream@>=2.0.0 <3.0.0",
      "resolved": "https://registry.npmjs.org/readable-stream/-/readable-stream-2.2.2.tgz"
    },
    "reduce-component": {
      "version": "1.0.1",
      "from": "reduce-component@1.0.1",
      "resolved": "https://registry.npmjs.org/reduce-component/-/reduce-component-1.0.1.tgz"
    },
    "replaceall": {
      "version": "0.1.6",
      "from": "replaceall@>=0.1.6 <0.2.0",
      "resolved": "https://registry.npmjs.org/replaceall/-/replaceall-0.1.6.tgz"
    },
    "rimraf": {
      "version": "2.5.4",
      "from": "rimraf@>=2.2.8 <3.0.0",
      "resolved": "https://registry.npmjs.org/rimraf/-/rimraf-2.5.4.tgz"
    },
    "sax": {
      "version": "1.1.5",
      "from": "sax@1.1.5",
      "resolved": "https://registry.npmjs.org/sax/-/sax-1.1.5.tgz"
    },
    "seek-bzip": {
      "version": "1.0.5",
      "from": "seek-bzip@>=1.0.5 <2.0.0",
      "resolved": "https://registry.npmjs.org/seek-bzip/-/seek-bzip-1.0.5.tgz"
    },
    "semver": {
      "version": "5.3.0",
      "from": "semver@>=5.0.3 <6.0.0",
      "resolved": "https://registry.npmjs.org/semver/-/semver-5.3.0.tgz"
    },
    "semver-regex": {
      "version": "1.0.0",
      "from": "semver-regex@>=1.0.0 <2.0.0",
      "resolved": "https://registry.npmjs.org/semver-regex/-/semver-regex-1.0.0.tgz"
    },
    "shelljs": {
      "version": "0.6.1",
      "from": "shelljs@>=0.6.0 <0.7.0",
      "resolved": "https://registry.npmjs.org/shelljs/-/shelljs-0.6.1.tgz"
    },
    "slash": {
      "version": "1.0.0",
      "from": "slash@>=1.0.0 <2.0.0",
      "resolved": "https://registry.npmjs.org/slash/-/slash-1.0.0.tgz"
    },
    "sprintf-js": {
      "version": "1.0.3",
      "from": "sprintf-js@>=1.0.2 <1.1.0",
      "resolved": "https://registry.npmjs.org/sprintf-js/-/sprintf-js-1.0.3.tgz"
    },
    "string_decoder": {
      "version": "0.10.31",
      "from": "string_decoder@>=0.10.0 <0.11.0",
      "resolved": "https://registry.npmjs.org/string_decoder/-/string_decoder-0.10.31.tgz"
    },
    "strip-ansi": {
      "version": "3.0.1",
      "from": "strip-ansi@>=3.0.0 <4.0.0",
      "resolved": "https://registry.npmjs.org/strip-ansi/-/strip-ansi-3.0.1.tgz"
    },
    "strip-dirs": {
      "version": "1.1.1",
      "from": "strip-dirs@>=1.1.1 <2.0.0",
      "resolved": "https://registry.npmjs.org/strip-dirs/-/strip-dirs-1.1.1.tgz",
      "dependencies": {
        "get-stdin": {
          "version": "4.0.1",
          "from": "get-stdin@>=4.0.1 <5.0.0",
          "resolved": "https://registry.npmjs.org/get-stdin/-/get-stdin-4.0.1.tgz"
        }
      }
    },
    "strip-json-comments": {
      "version": "1.0.4",
      "from": "strip-json-comments@>=1.0.4 <1.1.0",
      "resolved": "https://registry.npmjs.org/strip-json-comments/-/strip-json-comments-1.0.4.tgz"
    },
    "strip-outer": {
      "version": "1.0.0",
      "from": "strip-outer@>=1.0.0 <2.0.0",
      "resolved": "https://registry.npmjs.org/strip-outer/-/strip-outer-1.0.0.tgz"
    },
    "sum-up": {
      "version": "1.0.3",
      "from": "sum-up@>=1.0.1 <2.0.0",
      "resolved": "https://registry.npmjs.org/sum-up/-/sum-up-1.0.3.tgz"
    },
    "superagent": {
      "version": "1.8.4",
      "from": "superagent@>=1.6.1 <2.0.0",
      "resolved": "https://registry.npmjs.org/superagent/-/superagent-1.8.4.tgz",
      "dependencies": {
        "isarray": {
          "version": "0.0.1",
          "from": "isarray@0.0.1",
          "resolved": "https://registry.npmjs.org/isarray/-/isarray-0.0.1.tgz"
        },
        "readable-stream": {
          "version": "1.0.27-1",
          "from": "readable-stream@1.0.27-1",
          "resolved": "https://registry.npmjs.org/readable-stream/-/readable-stream-1.0.27-1.tgz"
        }
      }
    },
    "supports-color": {
      "version": "2.0.0",
      "from": "supports-color@>=2.0.0 <3.0.0",
      "resolved": "https://registry.npmjs.org/supports-color/-/supports-color-2.0.0.tgz"
    },
    "tar-stream": {
      "version": "1.5.2",
      "from": "tar-stream@>=1.5.0 <2.0.0",
      "resolved": "https://registry.npmjs.org/tar-stream/-/tar-stream-1.5.2.tgz"
    },
    "through": {
      "version": "2.3.8",
      "from": "through@>=2.3.6 <3.0.0",
      "resolved": "https://registry.npmjs.org/through/-/through-2.3.8.tgz"
    },
    "timed-out": {
      "version": "3.0.0",
      "from": "timed-out@>=3.0.0 <4.0.0",
      "resolved": "https://registry.npmjs.org/timed-out/-/timed-out-3.0.0.tgz"
    },
    "traverse": {
      "version": "0.6.6",
      "from": "traverse@>=0.6.6 <0.7.0",
      "resolved": "https://registry.npmjs.org/traverse/-/traverse-0.6.6.tgz"
    },
    "trim-repeated": {
      "version": "1.0.0",
      "from": "trim-repeated@>=1.0.0 <2.0.0",
      "resolved": "https://registry.npmjs.org/trim-repeated/-/trim-repeated-1.0.0.tgz"
    },
    "tunnel-agent": {
      "version": "0.4.3",
      "from": "tunnel-agent@>=0.4.0 <0.5.0",
      "resolved": "https://registry.npmjs.org/tunnel-agent/-/tunnel-agent-0.4.3.tgz"
    },
    "unbzip2-stream": {
      "version": "1.0.10",
      "from": "unbzip2-stream@>=1.0.9 <2.0.0",
      "resolved": "https://registry.npmjs.org/unbzip2-stream/-/unbzip2-stream-1.0.10.tgz",
      "dependencies": {
        "base64-js": {
          "version": "0.0.8",
          "from": "base64-js@0.0.8",
          "resolved": "https://registry.npmjs.org/base64-js/-/base64-js-0.0.8.tgz"
        },
        "buffer": {
          "version": "3.6.0",
          "from": "buffer@>=3.0.1 <4.0.0",
          "resolved": "https://registry.npmjs.org/buffer/-/buffer-3.6.0.tgz"
        }
      }
    },
    "unzip-response": {
      "version": "2.0.1",
      "from": "unzip-response@>=2.0.1 <3.0.0",
      "resolved": "https://registry.npmjs.org/unzip-response/-/unzip-response-2.0.1.tgz"
    },
    "uri-js": {
      "version": "2.1.1",
      "from": "uri-js@>=2.1.1 <3.0.0",
      "resolved": "https://registry.npmjs.org/uri-js/-/uri-js-2.1.1.tgz"
    },
    "url": {
      "version": "0.10.3",
      "from": "url@0.10.3",
      "resolved": "https://registry.npmjs.org/url/-/url-0.10.3.tgz"
    },
    "url-parse-lax": {
      "version": "1.0.0",
      "from": "url-parse-lax@>=1.0.0 <2.0.0",
      "resolved": "https://registry.npmjs.org/url-parse-lax/-/url-parse-lax-1.0.0.tgz"
    },
    "util-deprecate": {
      "version": "1.0.2",
      "from": "util-deprecate@>=1.0.1 <1.1.0",
      "resolved": "https://registry.npmjs.org/util-deprecate/-/util-deprecate-1.0.2.tgz"
    },
    "uuid": {
      "version": "2.0.3",
      "from": "uuid@>=2.0.2 <3.0.0",
      "resolved": "https://registry.npmjs.org/uuid/-/uuid-2.0.3.tgz"
    },
    "wrappy": {
      "version": "1.0.2",
      "from": "wrappy@>=1.0.0 <2.0.0",
      "resolved": "https://registry.npmjs.org/wrappy/-/wrappy-1.0.2.tgz"
    },
    "xml2js": {
      "version": "0.4.15",
      "from": "xml2js@0.4.15",
      "resolved": "https://registry.npmjs.org/xml2js/-/xml2js-0.4.15.tgz"
    },
    "xmlbuilder": {
      "version": "2.6.2",
      "from": "xmlbuilder@2.6.2",
      "resolved": "https://registry.npmjs.org/xmlbuilder/-/xmlbuilder-2.6.2.tgz",
      "dependencies": {
        "lodash": {
          "version": "3.5.0",
          "from": "lodash@>=3.5.0 <3.6.0",
          "resolved": "https://registry.npmjs.org/lodash/-/lodash-3.5.0.tgz"
        }
      }
    },
    "xtend": {
      "version": "4.0.1",
      "from": "xtend@>=4.0.0 <5.0.0",
      "resolved": "https://registry.npmjs.org/xtend/-/xtend-4.0.1.tgz"
    },
    "yargs": {
      "version": "1.2.6",
      "from": "yargs@>=1.2.6 <1.3.0",
      "resolved": "https://registry.npmjs.org/yargs/-/yargs-1.2.6.tgz",
      "dependencies": {
        "minimist": {
          "version": "0.1.0",
          "from": "minimist@>=0.1.0 <0.2.0",
          "resolved": "https://registry.npmjs.org/minimist/-/minimist-0.1.0.tgz"
        }
      }
    },
    "yauzl": {
      "version": "2.7.0",
      "from": "yauzl@>=2.4.2 <3.0.0",
      "resolved": "https://registry.npmjs.org/yauzl/-/yauzl-2.7.0.tgz"
    },
    "zip-stream": {
      "version": "1.1.0",
      "from": "zip-stream@>=1.1.0 <2.0.0",
      "resolved": "https://registry.npmjs.org/zip-stream/-/zip-stream-1.1.0.tgz"
    }
  }
}
