{
  "name": "serverless",
  "version": "4.43.0",
  "lockfileVersion": 3,
  "requires": true,
  "packages": {
    "": {
      "name": "serverless",
      "version": "4.43.0",
      "hasInstallScript": true,
      "dependencies": {
        "undici": "6.29.0"
      },
      "bin": {
        "serverless": "run.js",
        "sls": "run.js"
      },
      "devDependencies": {},
      "engines": {
        "node": ">=18.17.0"
      }
    },
    "node_modules/undici": {
      "version": "6.29.0",
      "resolved": "https://registry.npmjs.org/undici/-/undici-6.29.0.tgz",
      "integrity": "sha512-R+RODBqp6i2pPflGdq+xIOUkl+RNfGgHwoinecKu/JCuf2uO06cOKoDbI2P7Dn6KcswdKwrczbU6IYJ6K8X+wg==",
      "license": "MIT",
      "engines": {
        "node": ">=18.17"
      }
    }
  }
}
