{
  "name": "serverless",
  "version": "4.41.0",
  "lockfileVersion": 3,
  "requires": true,
  "packages": {
    "": {
      "name": "serverless",
      "version": "4.41.0",
      "hasInstallScript": true,
      "dependencies": {
        "undici": "6.28.0"
      },
      "bin": {
        "serverless": "run.js",
        "sls": "run.js"
      },
      "devDependencies": {},
      "engines": {
        "node": ">=18.17.0"
      }
    },
    "node_modules/undici": {
      "version": "6.28.0",
      "resolved": "https://registry.npmjs.org/undici/-/undici-6.28.0.tgz",
      "integrity": "sha512-LIY910g9TI13YS95lrMFrs8Rm/u/irgHeTWoKCoteeJ04CUJ92eEfj0rVn+7VKMPBpUPiUoBKfhNyLI23EE/KA==",
      "license": "MIT",
      "engines": {
        "node": ">=18.17"
      }
    }
  }
}
