{
  "name": "serverless",
  "version": "4.42.0",
  "lockfileVersion": 3,
  "requires": true,
  "packages": {
    "": {
      "name": "serverless",
      "version": "4.42.0",
      "hasInstallScript": true,
      "dependencies": {
        "undici": "6.28.1"
      },
      "bin": {
        "serverless": "run.js",
        "sls": "run.js"
      },
      "devDependencies": {},
      "engines": {
        "node": ">=18.17.0"
      }
    },
    "node_modules/undici": {
      "version": "6.28.1",
      "resolved": "https://registry.npmjs.org/undici/-/undici-6.28.1.tgz",
      "integrity": "sha512-zWpdTVD54H48CIybL0rWQ3ukpb9d23wM7eH5RtfdmeP70cWHNjtfo7P4vZX+5CoDcO53J4Pu5uXp7lNfjc6DRA==",
      "license": "MIT",
      "engines": {
        "node": ">=18.17"
      }
    }
  }
}
