{
  "name": "scripts",
  "version": "1.0.0",
  "lockfileVersion": 3,
  "requires": true,
  "packages": {
    "": {
      "name": "scripts",
      "version": "1.0.0",
      "license": "ISC",
      "devDependencies": {
        "algoliasearch": "^4.24.0",
        "gray-matter": "^4.0.3",
        "marked": "^13.0.1",
        "striptags": "^3.2.0"
      }
    },
    "node_modules/@algolia/cache-browser-local-storage": {
      "version": "4.24.0",
      "resolved": "https://registry.npmjs.org/@algolia/cache-browser-local-storage/-/cache-browser-local-storage-4.24.0.tgz",
      "integrity": "sha512-t63W9BnoXVrGy9iYHBgObNXqYXM3tYXCjDSHeNwnsc324r4o5UiVKUiAB4THQ5z9U5hTj6qUvwg/Ez43ZD85ww==",
      "dev": true,
      "dependencies": {
        "@algolia/cache-common": "4.24.0"
      }
    },
    "node_modules/@algolia/cache-common": {
      "version": "4.24.0",
      "resolved": "https://registry.npmjs.org/@algolia/cache-common/-/cache-common-4.24.0.tgz",
      "integrity": "sha512-emi+v+DmVLpMGhp0V9q9h5CdkURsNmFC+cOS6uK9ndeJm9J4TiqSvPYVu+THUP8P/S08rxf5x2P+p3CfID0Y4g==",
      "dev": true
    },
    "node_modules/@algolia/cache-in-memory": {
      "version": "4.24.0",
      "resolved": "https://registry.npmjs.org/@algolia/cache-in-memory/-/cache-in-memory-4.24.0.tgz",
      "integrity": "sha512-gDrt2so19jW26jY3/MkFg5mEypFIPbPoXsQGQWAi6TrCPsNOSEYepBMPlucqWigsmEy/prp5ug2jy/N3PVG/8w==",
      "dev": true,
      "dependencies": {
        "@algolia/cache-common": "4.24.0"
      }
    },
    "node_modules/@algolia/client-account": {
      "version": "4.24.0",
      "resolved": "https://registry.npmjs.org/@algolia/client-account/-/client-account-4.24.0.tgz",
      "integrity": "sha512-adcvyJ3KjPZFDybxlqnf+5KgxJtBjwTPTeyG2aOyoJvx0Y8dUQAEOEVOJ/GBxX0WWNbmaSrhDURMhc+QeevDsA==",
      "dev": true,
      "dependencies": {
        "@algolia/client-common": "4.24.0",
        "@algolia/client-search": "4.24.0",
        "@algolia/transporter": "4.24.0"
      }
    },
    "node_modules/@algolia/client-analytics": {
      "version": "4.24.0",
      "resolved": "https://registry.npmjs.org/@algolia/client-analytics/-/client-analytics-4.24.0.tgz",
      "integrity": "sha512-y8jOZt1OjwWU4N2qr8G4AxXAzaa8DBvyHTWlHzX/7Me1LX8OayfgHexqrsL4vSBcoMmVw2XnVW9MhL+Y2ZDJXg==",
      "dev": true,
      "dependencies": {
        "@algolia/client-common": "4.24.0",
        "@algolia/client-search": "4.24.0",
        "@algolia/requester-common": "4.24.0",
        "@algolia/transporter": "4.24.0"
      }
    },
    "node_modules/@algolia/client-common": {
      "version": "4.24.0",
      "resolved": "https://registry.npmjs.org/@algolia/client-common/-/client-common-4.24.0.tgz",
      "integrity": "sha512-bc2ROsNL6w6rqpl5jj/UywlIYC21TwSSoFHKl01lYirGMW+9Eek6r02Tocg4gZ8HAw3iBvu6XQiM3BEbmEMoiA==",
      "dev": true,
      "dependencies": {
        "@algolia/requester-common": "4.24.0",
        "@algolia/transporter": "4.24.0"
      }
    },
    "node_modules/@algolia/client-personalization": {
      "version": "4.24.0",
      "resolved": "https://registry.npmjs.org/@algolia/client-personalization/-/client-personalization-4.24.0.tgz",
      "integrity": "sha512-l5FRFm/yngztweU0HdUzz1rC4yoWCFo3IF+dVIVTfEPg906eZg5BOd1k0K6rZx5JzyyoP4LdmOikfkfGsKVE9w==",
      "dev": true,
      "dependencies": {
        "@algolia/client-common": "4.24.0",
        "@algolia/requester-common": "4.24.0",
        "@algolia/transporter": "4.24.0"
      }
    },
    "node_modules/@algolia/client-search": {
      "version": "4.24.0",
      "resolved": "https://registry.npmjs.org/@algolia/client-search/-/client-search-4.24.0.tgz",
      "integrity": "sha512-uRW6EpNapmLAD0mW47OXqTP8eiIx5F6qN9/x/7HHO6owL3N1IXqydGwW5nhDFBrV+ldouro2W1VX3XlcUXEFCA==",
      "dev": true,
      "dependencies": {
        "@algolia/client-common": "4.24.0",
        "@algolia/requester-common": "4.24.0",
        "@algolia/transporter": "4.24.0"
      }
    },
    "node_modules/@algolia/logger-common": {
      "version": "4.24.0",
      "resolved": "https://registry.npmjs.org/@algolia/logger-common/-/logger-common-4.24.0.tgz",
      "integrity": "sha512-LLUNjkahj9KtKYrQhFKCzMx0BY3RnNP4FEtO+sBybCjJ73E8jNdaKJ/Dd8A/VA4imVHP5tADZ8pn5B8Ga/wTMA==",
      "dev": true
    },
    "node_modules/@algolia/logger-console": {
      "version": "4.24.0",
      "resolved": "https://registry.npmjs.org/@algolia/logger-console/-/logger-console-4.24.0.tgz",
      "integrity": "sha512-X4C8IoHgHfiUROfoRCV+lzSy+LHMgkoEEU1BbKcsfnV0i0S20zyy0NLww9dwVHUWNfPPxdMU+/wKmLGYf96yTg==",
      "dev": true,
      "dependencies": {
        "@algolia/logger-common": "4.24.0"
      }
    },
    "node_modules/@algolia/recommend": {
      "version": "4.24.0",
      "resolved": "https://registry.npmjs.org/@algolia/recommend/-/recommend-4.24.0.tgz",
      "integrity": "sha512-P9kcgerfVBpfYHDfVZDvvdJv0lEoCvzNlOy2nykyt5bK8TyieYyiD0lguIJdRZZYGre03WIAFf14pgE+V+IBlw==",
      "dev": true,
      "dependencies": {
        "@algolia/cache-browser-local-storage": "4.24.0",
        "@algolia/cache-common": "4.24.0",
        "@algolia/cache-in-memory": "4.24.0",
        "@algolia/client-common": "4.24.0",
        "@algolia/client-search": "4.24.0",
        "@algolia/logger-common": "4.24.0",
        "@algolia/logger-console": "4.24.0",
        "@algolia/requester-browser-xhr": "4.24.0",
        "@algolia/requester-common": "4.24.0",
        "@algolia/requester-node-http": "4.24.0",
        "@algolia/transporter": "4.24.0"
      }
    },
    "node_modules/@algolia/requester-browser-xhr": {
      "version": "4.24.0",
      "resolved": "https://registry.npmjs.org/@algolia/requester-browser-xhr/-/requester-browser-xhr-4.24.0.tgz",
      "integrity": "sha512-Z2NxZMb6+nVXSjF13YpjYTdvV3032YTBSGm2vnYvYPA6mMxzM3v5rsCiSspndn9rzIW4Qp1lPHBvuoKJV6jnAA==",
      "dev": true,
      "dependencies": {
        "@algolia/requester-common": "4.24.0"
      }
    },
    "node_modules/@algolia/requester-common": {
      "version": "4.24.0",
      "resolved": "https://registry.npmjs.org/@algolia/requester-common/-/requester-common-4.24.0.tgz",
      "integrity": "sha512-k3CXJ2OVnvgE3HMwcojpvY6d9kgKMPRxs/kVohrwF5WMr2fnqojnycZkxPoEg+bXm8fi5BBfFmOqgYztRtHsQA==",
      "dev": true
    },
    "node_modules/@algolia/requester-node-http": {
      "version": "4.24.0",
      "resolved": "https://registry.npmjs.org/@algolia/requester-node-http/-/requester-node-http-4.24.0.tgz",
      "integrity": "sha512-JF18yTjNOVYvU/L3UosRcvbPMGT9B+/GQWNWnenIImglzNVGpyzChkXLnrSf6uxwVNO6ESGu6oN8MqcGQcjQJw==",
      "dev": true,
      "dependencies": {
        "@algolia/requester-common": "4.24.0"
      }
    },
    "node_modules/@algolia/transporter": {
      "version": "4.24.0",
      "resolved": "https://registry.npmjs.org/@algolia/transporter/-/transporter-4.24.0.tgz",
      "integrity": "sha512-86nI7w6NzWxd1Zp9q3413dRshDqAzSbsQjhcDhPIatEFiZrL1/TjnHL8S7jVKFePlIMzDsZWXAXwXzcok9c5oA==",
      "dev": true,
      "dependencies": {
        "@algolia/cache-common": "4.24.0",
        "@algolia/logger-common": "4.24.0",
        "@algolia/requester-common": "4.24.0"
      }
    },
    "node_modules/algoliasearch": {
      "version": "4.24.0",
      "resolved": "https://registry.npmjs.org/algoliasearch/-/algoliasearch-4.24.0.tgz",
      "integrity": "sha512-bf0QV/9jVejssFBmz2HQLxUadxk574t4iwjCKp5E7NBzwKkrDEhKPISIIjAU/p6K5qDx3qoeh4+26zWN1jmw3g==",
      "dev": true,
      "dependencies": {
        "@algolia/cache-browser-local-storage": "4.24.0",
        "@algolia/cache-common": "4.24.0",
        "@algolia/cache-in-memory": "4.24.0",
        "@algolia/client-account": "4.24.0",
        "@algolia/client-analytics": "4.24.0",
        "@algolia/client-common": "4.24.0",
        "@algolia/client-personalization": "4.24.0",
        "@algolia/client-search": "4.24.0",
        "@algolia/logger-common": "4.24.0",
        "@algolia/logger-console": "4.24.0",
        "@algolia/recommend": "4.24.0",
        "@algolia/requester-browser-xhr": "4.24.0",
        "@algolia/requester-common": "4.24.0",
        "@algolia/requester-node-http": "4.24.0",
        "@algolia/transporter": "4.24.0"
      }
    },
    "node_modules/argparse": {
      "version": "1.0.10",
      "resolved": "https://registry.npmjs.org/argparse/-/argparse-1.0.10.tgz",
      "integrity": "sha512-o5Roy6tNG4SL/FOkCAN6RzjiakZS25RLYFrcMttJqbdd8BWrnA+fGz57iN5Pb06pvBGvl5gQ0B48dJlslXvoTg==",
      "dev": true,
      "dependencies": {
        "sprintf-js": "~1.0.2"
      }
    },
    "node_modules/esprima": {
      "version": "4.0.1",
      "resolved": "https://registry.npmjs.org/esprima/-/esprima-4.0.1.tgz",
      "integrity": "sha512-eGuFFw7Upda+g4p+QHvnW0RyTX/SVeJBDM/gCtMARO0cLuT2HcEKnTPvhjV6aGeqrCB/sbNop0Kszm0jsaWU4A==",
      "dev": true,
      "bin": {
        "esparse": "bin/esparse.js",
        "esvalidate": "bin/esvalidate.js"
      },
      "engines": {
        "node": ">=4"
      }
    },
    "node_modules/extend-shallow": {
      "version": "2.0.1",
      "resolved": "https://registry.npmjs.org/extend-shallow/-/extend-shallow-2.0.1.tgz",
      "integrity": "sha512-zCnTtlxNoAiDc3gqY2aYAWFx7XWWiasuF2K8Me5WbN8otHKTUKBwjPtNpRs/rbUZm7KxWAaNj7P1a/p52GbVug==",
      "dev": true,
      "dependencies": {
        "is-extendable": "^0.1.0"
      },
      "engines": {
        "node": ">=0.10.0"
      }
    },
    "node_modules/gray-matter": {
      "version": "4.0.3",
      "resolved": "https://registry.npmjs.org/gray-matter/-/gray-matter-4.0.3.tgz",
      "integrity": "sha512-5v6yZd4JK3eMI3FqqCouswVqwugaA9r4dNZB1wwcmrD02QkV5H0y7XBQW8QwQqEaZY1pM9aqORSORhJRdNK44Q==",
      "dev": true,
      "dependencies": {
        "js-yaml": "^3.13.1",
        "kind-of": "^6.0.2",
        "section-matter": "^1.0.0",
        "strip-bom-string": "^1.0.0"
      },
      "engines": {
        "node": ">=6.0"
      }
    },
    "node_modules/is-extendable": {
      "version": "0.1.1",
      "resolved": "https://registry.npmjs.org/is-extendable/-/is-extendable-0.1.1.tgz",
      "integrity": "sha512-5BMULNob1vgFX6EjQw5izWDxrecWK9AM72rugNr0TFldMOi0fj6Jk+zeKIt0xGj4cEfQIJth4w3OKWOJ4f+AFw==",
      "dev": true,
      "engines": {
        "node": ">=0.10.0"
      }
    },
    "node_modules/js-yaml": {
      "version": "3.14.1",
      "resolved": "https://registry.npmjs.org/js-yaml/-/js-yaml-3.14.1.tgz",
      "integrity": "sha512-okMH7OXXJ7YrN9Ok3/SXrnu4iX9yOk+25nqX4imS2npuvTYDmo/QEZoqwZkYaIDk3jVvBOTOIEgEhaLOynBS9g==",
      "dev": true,
      "dependencies": {
        "argparse": "^1.0.7",
        "esprima": "^4.0.0"
      },
      "bin": {
        "js-yaml": "bin/js-yaml.js"
      }
    },
    "node_modules/kind-of": {
      "version": "6.0.3",
      "resolved": "https://registry.npmjs.org/kind-of/-/kind-of-6.0.3.tgz",
      "integrity": "sha512-dcS1ul+9tmeD95T+x28/ehLgd9mENa3LsvDTtzm3vyBEO7RPptvAD+t44WVXaUjTBRcrpFeFlC8WCruUR456hw==",
      "dev": true,
      "engines": {
        "node": ">=0.10.0"
      }
    },
    "node_modules/marked": {
      "version": "13.0.1",
      "resolved": "https://registry.npmjs.org/marked/-/marked-13.0.1.tgz",
      "integrity": "sha512-7kBohS6GrZKvCsNXZyVVXSW7/hGBHe49ng99YPkDCckSUrrG7MSFLCexsRxptzOmyW2eT5dySh4Md1V6my52fA==",
      "dev": true,
      "bin": {
        "marked": "bin/marked.js"
      },
      "engines": {
        "node": ">= 18"
      }
    },
    "node_modules/section-matter": {
      "version": "1.0.0",
      "resolved": "https://registry.npmjs.org/section-matter/-/section-matter-1.0.0.tgz",
      "integrity": "sha512-vfD3pmTzGpufjScBh50YHKzEu2lxBWhVEHsNGoEXmCmn2hKGfeNLYMzCJpe8cD7gqX7TJluOVpBkAequ6dgMmA==",
      "dev": true,
      "dependencies": {
        "extend-shallow": "^2.0.1",
        "kind-of": "^6.0.0"
      },
      "engines": {
        "node": ">=4"
      }
    },
    "node_modules/sprintf-js": {
      "version": "1.0.3",
      "resolved": "https://registry.npmjs.org/sprintf-js/-/sprintf-js-1.0.3.tgz",
      "integrity": "sha512-D9cPgkvLlV3t3IzL0D0YLvGA9Ahk4PcvVwUbN0dSGr1aP0Nrt4AEnTUbuGvquEC0mA64Gqt1fzirlRs5ibXx8g==",
      "dev": true
    },
    "node_modules/strip-bom-string": {
      "version": "1.0.0",
      "resolved": "https://registry.npmjs.org/strip-bom-string/-/strip-bom-string-1.0.0.tgz",
      "integrity": "sha512-uCC2VHvQRYu+lMh4My/sFNmF2klFymLX1wHJeXnbEJERpV/ZsVuonzerjfrGpIGF7LBVa1O7i9kjiWvJiFck8g==",
      "dev": true,
      "engines": {
        "node": ">=0.10.0"
      }
    },
    "node_modules/striptags": {
      "version": "3.2.0",
      "resolved": "https://registry.npmjs.org/striptags/-/striptags-3.2.0.tgz",
      "integrity": "sha512-g45ZOGzHDMe2bdYMdIvdAfCQkCTDMGBazSw1ypMowwGIee7ZQ5dU0rBJ8Jqgl+jAKIv4dbeE1jscZq9wid1Tkw==",
      "dev": true
    }
  }
}
